
Microsoft Visual Studio Solution File, Format Version 12.00
# Visual Studio 15
Project("{FAE04EC0-301F-11D3-BF4B-00C04F79EFBC}") = "Assembly-CSharp", "Assembly-CSharp.csproj", "{FF2F3717-55CA-B78C-9F0C-F7A501F42417}"
EndProject
Project("{FAE04EC0-301F-11D3-BF4B-00C04F79EFBC}") = "Assembly-CSharp", "Assembly-CSharp.Player.csproj", "{423AC883-A8D6-7801-C7A3-8114D0CAEBAF}"
EndProject
Global
	GlobalSection(SolutionConfigurationPlatforms) = preSolution
		Debug|Any CPU = Debug|Any CPU
		Release|Any CPU = Release|Any CPU
	EndGlobalSection
	GlobalSection(ProjectConfigurationPlatforms) = postSolution
		{FF2F3717-55CA-B78C-9F0C-F7A501F42417}.Debug|Any CPU.ActiveCfg = Debug|Any CPU
		{FF2F3717-55CA-B78C-9F0C-F7A501F42417}.Debug|Any CPU.Build.0 = Debug|Any CPU
		{FF2F3717-55CA-B78C-9F0C-F7A501F42417}.Release|Any CPU.ActiveCfg = Release|Any CPU
		{FF2F3717-55CA-B78C-9F0C-F7A501F42417}.Release|Any CPU.Build.0 = Release|Any CPU
		{423AC883-A8D6-7801-C7A3-8114D0CAEBAF}.Debug|Any CPU.ActiveCfg = Debug|Any CPU
		{423AC883-A8D6-7801-C7A3-8114D0CAEBAF}.Debug|Any CPU.Build.0 = Debug|Any CPU
		{423AC883-A8D6-7801-C7A3-8114D0CAEBAF}.Release|Any CPU.ActiveCfg = Release|Any CPU
		{423AC883-A8D6-7801-C7A3-8114D0CAEBAF}.Release|Any CPU.Build.0 = Release|Any CPU
	EndGlobalSection
	GlobalSection(SolutionProperties) = preSolution
		HideSolutionNode = FALSE
	EndGlobalSection
EndGlobal
